
Microsoft Visual Studio Solution File, Format Version 12.00
# Visual Studio 15
VisualStudioVersion = 15.0.28307.168
MinimumVisualStudioVersion = 10.0.40219.1
Project("{9A19103F-16F7-4668-BE54-9A1E7A4F7556}") = "OpenSpreadsheet", "OpenSpreadsheet\OpenSpreadsheet.csproj", "{B4603728-ADF4-467A-808A-F0A90429C2DA}"
EndProject
Project("{9A19103F-16F7-4668-BE54-9A1E7A4F7556}") = "Benchmarks", "Benchmarks\Benchmarks.csproj", "{0CCB698A-CB56-4CA5-8CE2-F75C6C2BCBB8}"
EndProject
Project("{9A19103F-16F7-4668-BE54-9A1E7A4F7556}") = "Tests", "Tests\Tests.csproj", "{357E04AF-32DE-44DE-82A0-6ED37F7B5C46}"
EndProject
Project("{FAE04EC0-301F-11D3-BF4B-00C04F79EFBC}") = "WikiExamples", "WikiExamples\WikiExamples.csproj", "{35C62C91-5EED-4583-8CBE-42D126D1EC61}"
EndProject
Global
	GlobalSection(SolutionConfigurationPlatforms) = preSolution
		Debug|Any CPU = Debug|Any CPU
		Release|Any CPU = Release|Any CPU
	EndGlobalSection
	GlobalSection(ProjectConfigurationPlatforms) = postSolution
		{B4603728-ADF4-467A-808A-F0A90429C2DA}.Debug|Any CPU.ActiveCfg = Debug|Any CPU
		{B4603728-ADF4-467A-808A-F0A90429C2DA}.Debug|Any CPU.Build.0 = Debug|Any CPU
		{B4603728-ADF4-467A-808A-F0A90429C2DA}.Release|Any CPU.ActiveCfg = Release|Any CPU
		{B4603728-ADF4-467A-808A-F0A90429C2DA}.Release|Any CPU.Build.0 = Release|Any CPU
		{0CCB698A-CB56-4CA5-8CE2-F75C6C2BCBB8}.Debug|Any CPU.ActiveCfg = Debug|Any CPU
		{0CCB698A-CB56-4CA5-8CE2-F75C6C2BCBB8}.Debug|Any CPU.Build.0 = Debug|Any CPU
		{0CCB698A-CB56-4CA5-8CE2-F75C6C2BCBB8}.Release|Any CPU.ActiveCfg = Release|Any CPU
		{0CCB698A-CB56-4CA5-8CE2-F75C6C2BCBB8}.Release|Any CPU.Build.0 = Release|Any CPU
		{357E04AF-32DE-44DE-82A0-6ED37F7B5C46}.Debug|Any CPU.ActiveCfg = Debug|Any CPU
		{357E04AF-32DE-44DE-82A0-6ED37F7B5C46}.Debug|Any CPU.Build.0 = Debug|Any CPU
		{357E04AF-32DE-44DE-82A0-6ED37F7B5C46}.Release|Any CPU.ActiveCfg = Release|Any CPU
		{357E04AF-32DE-44DE-82A0-6ED37F7B5C46}.Release|Any CPU.Build.0 = Release|Any CPU
		{35C62C91-5EED-4583-8CBE-42D126D1EC61}.Debug|Any CPU.ActiveCfg = Debug|Any CPU
		{35C62C91-5EED-4583-8CBE-42D126D1EC61}.Debug|Any CPU.Build.0 = Debug|Any CPU
		{35C62C91-5EED-4583-8CBE-42D126D1EC61}.Release|Any CPU.ActiveCfg = Release|Any CPU
		{35C62C91-5EED-4583-8CBE-42D126D1EC61}.Release|Any CPU.Build.0 = Release|Any CPU
	EndGlobalSection
	GlobalSection(SolutionProperties) = preSolution
		HideSolutionNode = FALSE
	EndGlobalSection
	GlobalSection(ExtensibilityGlobals) = postSolution
		SolutionGuid = {D3FEAC81-A24F-403E-B85E-0F3A5D92DC79}
	EndGlobalSection
	GlobalSection(Performance) = preSolution
		HasPerformanceSessions = true
	EndGlobalSection
	GlobalSection(Performance) = preSolution
		HasPerformanceSessions = true
	EndGlobalSection
	GlobalSection(Performance) = preSolution
		HasPerformanceSessions = true
	EndGlobalSection
EndGlobal
